
Microsoft Visual Studio Solution File, Format Version 12.00
# Visual Studio Version 16
VisualStudioVersion = 16.0.31005.135
MinimumVisualStudioVersion = 15.0.26124.0
Project("{9A19103F-16F7-4668-BE54-9A1E7A4F7556}") = "FeedParser", "FeedParser\FeedParser.csproj", "{1A39D9B8-5351-4730-B088-C0FD9F54428B}"
EndProject
Project("{FAE04EC0-301F-11D3-BF4B-00C04F79EFBC}") = "FeedParser.Test", "FeedParser.Test\FeedParser.Test.csproj", "{260F492A-B67E-4770-99E5-7F1984A6AEE7}"
EndProject
Global
	GlobalSection(SolutionConfigurationPlatforms) = preSolution
		Debug|Any CPU = Debug|Any CPU
		Release|Any CPU = Release|Any CPU
	EndGlobalSection
	GlobalSection(ProjectConfigurationPlatforms) = postSolution
		{1A39D9B8-5351-4730-B088-C0FD9F54428B}.Debug|Any CPU.ActiveCfg = Debug|Any CPU
		{1A39D9B8-5351-4730-B088-C0FD9F54428B}.Debug|Any CPU.Build.0 = Debug|Any CPU
		{1A39D9B8-5351-4730-B088-C0FD9F54428B}.Release|Any CPU.ActiveCfg = Release|Any CPU
		{1A39D9B8-5351-4730-B088-C0FD9F54428B}.Release|Any CPU.Build.0 = Release|Any CPU
		{260F492A-B67E-4770-99E5-7F1984A6AEE7}.Debug|Any CPU.ActiveCfg = Debug|Any CPU
		{260F492A-B67E-4770-99E5-7F1984A6AEE7}.Debug|Any CPU.Build.0 = Debug|Any CPU
		{260F492A-B67E-4770-99E5-7F1984A6AEE7}.Release|Any CPU.ActiveCfg = Release|Any CPU
		{260F492A-B67E-4770-99E5-7F1984A6AEE7}.Release|Any CPU.Build.0 = Release|Any CPU
	EndGlobalSection
	GlobalSection(SolutionProperties) = preSolution
		HideSolutionNode = FALSE
	EndGlobalSection
	GlobalSection(ExtensibilityGlobals) = postSolution
		SolutionGuid = {5D178800-4DCD-4A12-ADBA-8F31BAC6DC26}
	EndGlobalSection
EndGlobal
